
Microsoft Visual Studio Solution File, Format Version 12.00
Project("{FAE04EC0-301F-11D3-BF4B-00C04F79EFBC}") = "GameServer", "GameServer\GameServer.csproj", "{0F1E7EF2-3008-466E-9B32-1322A5D8EF73}"
EndProject
Project("{FAE04EC0-301F-11D3-BF4B-00C04F79EFBC}") = "GameClient", "GameClient\GameClient.csproj", "{C8EDA349-8FA1-4E1D-8345-8AEFAF654785}"
EndProject
Project("{FAE04EC0-301F-11D3-BF4B-00C04F79EFBC}") = "Common", "Common\Common.csproj", "{FFA0B06B-C1A4-4EAE-9083-D0E537A1E8D8}"
EndProject
Global
	GlobalSection(SolutionConfigurationPlatforms) = preSolution
		Debug|Any CPU = Debug|Any CPU
		Release|Any CPU = Release|Any CPU
	EndGlobalSection
	GlobalSection(ProjectConfigurationPlatforms) = postSolution
		{0F1E7EF2-3008-466E-9B32-1322A5D8EF73}.Debug|Any CPU.ActiveCfg = Debug|Any CPU
		{0F1E7EF2-3008-466E-9B32-1322A5D8EF73}.Debug|Any CPU.Build.0 = Debug|Any CPU
		{0F1E7EF2-3008-466E-9B32-1322A5D8EF73}.Release|Any CPU.ActiveCfg = Release|Any CPU
		{0F1E7EF2-3008-466E-9B32-1322A5D8EF73}.Release|Any CPU.Build.0 = Release|Any CPU
		{C8EDA349-8FA1-4E1D-8345-8AEFAF654785}.Debug|Any CPU.ActiveCfg = Debug|Any CPU
		{C8EDA349-8FA1-4E1D-8345-8AEFAF654785}.Debug|Any CPU.Build.0 = Debug|Any CPU
		{C8EDA349-8FA1-4E1D-8345-8AEFAF654785}.Release|Any CPU.ActiveCfg = Release|Any CPU
		{C8EDA349-8FA1-4E1D-8345-8AEFAF654785}.Release|Any CPU.Build.0 = Release|Any CPU
		{FFA0B06B-C1A4-4EAE-9083-D0E537A1E8D8}.Debug|Any CPU.ActiveCfg = Debug|Any CPU
		{FFA0B06B-C1A4-4EAE-9083-D0E537A1E8D8}.Debug|Any CPU.Build.0 = Debug|Any CPU
		{FFA0B06B-C1A4-4EAE-9083-D0E537A1E8D8}.Release|Any CPU.ActiveCfg = Release|Any CPU
		{FFA0B06B-C1A4-4EAE-9083-D0E537A1E8D8}.Release|Any CPU.Build.0 = Release|Any CPU
	EndGlobalSection
EndGlobal
